// !$*UTF8*$!
{
	archiveVersion = 1;
	classes = {
	};
	objectVersion = 55;
	objects = {

/* Begin PBXBuildFile section */
		2E2B6B5DACCE974ACFB9799D /* Pods_SwiftTextTests.framework in Frameworks */ = {isa = PBXBuildFile; fileRef = 3C144F036F23675D4FD9F694 /* Pods_SwiftTextTests.framework */; };
		868069B41257675F60115F60 /* Pods_SwiftText.framework in Frameworks */ = {isa = PBXBuildFile; fileRef = 81A0E4C90509075913D289D9 /* Pods_SwiftText.framework */; };
		D26534B928E235DC00BE5D07 /* DatabaseManager.swift in Sources */ = {isa = PBXBuildFile; fileRef = D26534B828E235DC00BE5D07 /* DatabaseManager.swift */; };
		D2CCDBE628DC800800DFAE75 /* AppDelegate.swift in Sources */ = {isa = PBXBuildFile; fileRef = D2CCDBE528DC800800DFAE75 /* AppDelegate.swift */; };
		D2CCDBE828DC800800DFAE75 /* SceneDelegate.swift in Sources */ = {isa = PBXBuildFile; fileRef = D2CCDBE728DC800800DFAE75 /* SceneDelegate.swift */; };
		D2CCDBED28DC800800DFAE75 /* Main.storyboard in Resources */ = {isa = PBXBuildFile; fileRef = D2CCDBEB28DC800800DFAE75 /* Main.storyboard */; };
		D2CCDBEF28DC800B00DFAE75 /* Assets.xcassets in Resources */ = {isa = PBXBuildFile; fileRef = D2CCDBEE28DC800B00DFAE75 /* Assets.xcassets */; };
		D2CCDBF228DC800B00DFAE75 /* LaunchScreen.storyboard in Resources */ = {isa = PBXBuildFile; fileRef = D2CCDBF028DC800B00DFAE75 /* LaunchScreen.storyboard */; };
		D2CCDBFD28DC800B00DFAE75 /* SwiftTextTests.swift in Sources */ = {isa = PBXBuildFile; fileRef = D2CCDBFC28DC800B00DFAE75 /* SwiftTextTests.swift */; };
		D2CCDC0728DC800B00DFAE75 /* SwiftTextUITests.swift in Sources */ = {isa = PBXBuildFile; fileRef = D2CCDC0628DC800B00DFAE75 /* SwiftTextUITests.swift */; };
		D2CCDC0928DC800B00DFAE75 /* SwiftTextUITestsLaunchTests.swift in Sources */ = {isa = PBXBuildFile; fileRef = D2CCDC0828DC800B00DFAE75 /* SwiftTextUITestsLaunchTests.swift */; };
		D2CCDC1C28DC862E00DFAE75 /* LoginViewController.swift in Sources */ = {isa = PBXBuildFile; fileRef = D2CCDC1B28DC862E00DFAE75 /* LoginViewController.swift */; };
		D2CCDC1E28DC867400DFAE75 /* RegisterViewController.swift in Sources */ = {isa = PBXBuildFile; fileRef = D2CCDC1D28DC867400DFAE75 /* RegisterViewController.swift */; };
		D2CCDC2028DC86AA00DFAE75 /* PhotoViewerViewController.swift in Sources */ = {isa = PBXBuildFile; fileRef = D2CCDC1F28DC86AA00DFAE75 /* PhotoViewerViewController.swift */; };
		D2CCDC2228DC86CC00DFAE75 /* VideoPlayerViewController.swift in Sources */ = {isa = PBXBuildFile; fileRef = D2CCDC2128DC86CC00DFAE75 /* VideoPlayerViewController.swift */; };
		D2CCDC2428DC873900DFAE75 /* NewConversationViewController.swift in Sources */ = {isa = PBXBuildFile; fileRef = D2CCDC2328DC873900DFAE75 /* NewConversationViewController.swift */; };
		D2CCDC2628DC876500DFAE75 /* ProfileViewController.swift in Sources */ = {isa = PBXBuildFile; fileRef = D2CCDC2528DC876500DFAE75 /* ProfileViewController.swift */; };
		D2CCDC2928DCCC3F00DFAE75 /* ConversationViewController.swift in Sources */ = {isa = PBXBuildFile; fileRef = D2CCDC2828DCCC3F00DFAE75 /* ConversationViewController.swift */; };
		D2D7C40128DF13C900AC81EE /* Extensions.swift in Sources */ = {isa = PBXBuildFile; fileRef = D2D7C40028DF13C900AC81EE /* Extensions.swift */; };
		D2F6076328E2001700F93463 /* GoogleService-Info.plist in Resources */ = {isa = PBXBuildFile; fileRef = D2F6076228E2001700F93463 /* GoogleService-Info.plist */; };
		DDA39F039A8EBBC9D7A6CCD6 /* Pods_SwiftText_SwiftTextUITests.framework in Frameworks */ = {isa = PBXBuildFile; fileRef = 5DA604B7075B16809142DCD8 /* Pods_SwiftText_SwiftTextUITests.framework */; };
/* End PBXBuildFile section */

/* Begin PBXContainerItemProxy section */
		D2CCDBF928DC800B00DFAE75 /* PBXContainerItemProxy */ = {
			isa = PBXContainerItemProxy;
			containerPortal = D2CCDBDA28DC800800DFAE75 /* Project object */;
			proxyType = 1;
			remoteGlobalIDString = D2CCDBE128DC800800DFAE75;
			remoteInfo = SwiftText;
		};
		D2CCDC0328DC800B00DFAE75 /* PBXContainerItemProxy */ = {
			isa = PBXContainerItemProxy;
			containerPortal = D2CCDBDA28DC800800DFAE75 /* Project object */;
			proxyType = 1;
			remoteGlobalIDString = D2CCDBE128DC800800DFAE75;
			remoteInfo = SwiftText;
		};
/* End PBXContainerItemProxy section */

/* Begin PBXFileReference section */
		07890DC3BE2FEAC9ADF2357B /* Pods-SwiftTextTests.debug.xcconfig */ = {isa = PBXFileReference; includeInIndex = 1; lastKnownFileType = text.xcconfig; name = "Pods-SwiftTextTests.debug.xcconfig"; path = "Target Support Files/Pods-SwiftTextTests/Pods-SwiftTextTests.debug.xcconfig"; sourceTree = "<group>"; };
		3C144F036F23675D4FD9F694 /* Pods_SwiftTextTests.framework */ = {isa = PBXFileReference; explicitFileType = wrapper.framework; includeInIndex = 0; path = Pods_SwiftTextTests.framework; sourceTree = BUILT_PRODUCTS_DIR; };
		425C77E5F7001FB301752FEA /* Pods-SwiftText.release.xcconfig */ = {isa = PBXFileReference; includeInIndex = 1; lastKnownFileType = text.xcconfig; name = "Pods-SwiftText.release.xcconfig"; path = "Target Support Files/Pods-SwiftText/Pods-SwiftText.release.xcconfig"; sourceTree = "<group>"; };
		5DA604B7075B16809142DCD8 /* Pods_SwiftText_SwiftTextUITests.framework */ = {isa = PBXFileReference; explicitFileType = wrapper.framework; includeInIndex = 0; path = Pods_SwiftText_SwiftTextUITests.framework; sourceTree = BUILT_PRODUCTS_DIR; };
		63B320FACDC0136B60D60E3E /* Pods-SwiftTextTests.release.xcconfig */ = {isa = PBXFileReference; includeInIndex = 1; lastKnownFileType = text.xcconfig; name = "Pods-SwiftTextTests.release.xcconfig"; path = "Target Support Files/Pods-SwiftTextTests/Pods-SwiftTextTests.release.xcconfig"; sourceTree = "<group>"; };
		81A0E4C90509075913D289D9 /* Pods_SwiftText.framework */ = {isa = PBXFileReference; explicitFileType = wrapper.framework; includeInIndex = 0; path = Pods_SwiftText.framework; sourceTree = BUILT_PRODUCTS_DIR; };
		CCF0B9883595CCBC2409297E /* Pods-SwiftText.debug.xcconfig */ = {isa = PBXFileReference; includeInIndex = 1; lastKnownFileType = text.xcconfig; name = "Pods-SwiftText.debug.xcconfig"; path = "Target Support Files/Pods-SwiftText/Pods-SwiftText.debug.xcconfig"; sourceTree = "<group>"; };
		D26534B828E235DC00BE5D07 /* DatabaseManager.swift */ = {isa = PBXFileReference; lastKnownFileType = sourcecode.swift; path = DatabaseManager.swift; sourceTree = "<group>"; };
		D2CCDBE228DC800800DFAE75 /* SwiftText.app */ = {isa = PBXFileReference; explicitFileType = wrapper.application; includeInIndex = 0; path = SwiftText.app; sourceTree = BUILT_PRODUCTS_DIR; };
		D2CCDBE528DC800800DFAE75 /* AppDelegate.swift */ = {isa = PBXFileReference; lastKnownFileType = sourcecode.swift; path = AppDelegate.swift; sourceTree = "<group>"; };
		D2CCDBE728DC800800DFAE75 /* SceneDelegate.swift */ = {isa = PBXFileReference; lastKnownFileType = sourcecode.swift; path = SceneDelegate.swift; sourceTree = "<group>"; };
		D2CCDBEC28DC800800DFAE75 /* Base */ = {isa = PBXFileReference; lastKnownFileType = file.storyboard; name = Base; path = Base.lproj/Main.storyboard; sourceTree = "<group>"; };
		D2CCDBEE28DC800B00DFAE75 /* Assets.xcassets */ = {isa = PBXFileReference; lastKnownFileType = folder.assetcatalog; path = Assets.xcassets; sourceTree = "<group>"; };
		D2CCDBF128DC800B00DFAE75 /* Base */ = {isa = PBXFileReference; lastKnownFileType = file.storyboard; name = Base; path = Base.lproj/LaunchScreen.storyboard; sourceTree = "<group>"; };
		D2CCDBF328DC800B00DFAE75 /* Info.plist */ = {isa = PBXFileReference; lastKnownFileType = text.plist.xml; path = Info.plist; sourceTree = "<group>"; };
		D2CCDBF828DC800B00DFAE75 /* SwiftTextTests.xctest */ = {isa = PBXFileReference; explicitFileType = wrapper.cfbundle; includeInIndex = 0; path = SwiftTextTests.xctest; sourceTree = BUILT_PRODUCTS_DIR; };
		D2CCDBFC28DC800B00DFAE75 /* SwiftTextTests.swift */ = {isa = PBXFileReference; lastKnownFileType = sourcecode.swift; path = SwiftTextTests.swift; sourceTree = "<group>"; };
		D2CCDC0228DC800B00DFAE75 /* SwiftTextUITests.xctest */ = {isa = PBXFileReference; explicitFileType = wrapper.cfbundle; includeInIndex = 0; path = SwiftTextUITests.xctest; sourceTree = BUILT_PRODUCTS_DIR; };
		D2CCDC0628DC800B00DFAE75 /* SwiftTextUITests.swift */ = {isa = PBXFileReference; lastKnownFileType = sourcecode.swift; path = SwiftTextUITests.swift; sourceTree = "<group>"; };
		D2CCDC0828DC800B00DFAE75 /* SwiftTextUITestsLaunchTests.swift */ = {isa = PBXFileReference; lastKnownFileType = sourcecode.swift; path = SwiftTextUITestsLaunchTests.swift; sourceTree = "<group>"; };
		D2CCDC1B28DC862E00DFAE75 /* LoginViewController.swift */ = {isa = PBXFileReference; lastKnownFileType = sourcecode.swift; path = LoginViewController.swift; sourceTree = "<group>"; };
		D2CCDC1D28DC867400DFAE75 /* RegisterViewController.swift */ = {isa = PBXFileReference; lastKnownFileType = sourcecode.swift; path = RegisterViewController.swift; sourceTree = "<group>"; };
		D2CCDC1F28DC86AA00DFAE75 /* PhotoViewerViewController.swift */ = {isa = PBXFileReference; lastKnownFileType = sourcecode.swift; path = PhotoViewerViewController.swift; sourceTree = "<group>"; };
		D2CCDC2128DC86CC00DFAE75 /* VideoPlayerViewController.swift */ = {isa = PBXFileReference; lastKnownFileType = sourcecode.swift; path = VideoPlayerViewController.swift; sourceTree = "<group>"; };
		D2CCDC2328DC873900DFAE75 /* NewConversationViewController.swift */ = {isa = PBXFileReference; lastKnownFileType = sourcecode.swift; path = NewConversationViewController.swift; sourceTree = "<group>"; };
		D2CCDC2528DC876500DFAE75 /* ProfileViewController.swift */ = {isa = PBXFileReference; lastKnownFileType = sourcecode.swift; path = ProfileViewController.swift; sourceTree = "<group>"; };
		D2CCDC2828DCCC3F00DFAE75 /* ConversationViewController.swift */ = {isa = PBXFileReference; lastKnownFileType = sourcecode.swift; path = ConversationViewController.swift; sourceTree = "<group>"; };
		D2D7C40028DF13C900AC81EE /* Extensions.swift */ = {isa = PBXFileReference; lastKnownFileType = sourcecode.swift; path = Extensions.swift; sourceTree = "<group>"; };
		D2F6076228E2001700F93463 /* GoogleService-Info.plist */ = {isa = PBXFileReference; fileEncoding = 4; lastKnownFileType = text.plist.xml; path = "GoogleService-Info.plist"; sourceTree = "<group>"; };
		D8731A7AEB3264194204E5BC /* Pods-SwiftText-SwiftTextUITests.debug.xcconfig */ = {isa = PBXFileReference; includeInIndex = 1; lastKnownFileType = text.xcconfig; name = "Pods-SwiftText-SwiftTextUITests.debug.xcconfig"; path = "Target Support Files/Pods-SwiftText-SwiftTextUITests/Pods-SwiftText-SwiftTextUITests.debug.xcconfig"; sourceTree = "<group>"; };
		E4CA5488AE1B86C75CFA7C37 /* Pods-SwiftText-SwiftTextUITests.release.xcconfig */ = {isa = PBXFileReference; includeInIndex = 1; lastKnownFileType = text.xcconfig; name = "Pods-SwiftText-SwiftTextUITests.release.xcconfig"; path = "Target Support Files/Pods-SwiftText-SwiftTextUITests/Pods-SwiftText-SwiftTextUITests.release.xcconfig"; sourceTree = "<group>"; };
/* End PBXFileReference section */

/* Begin PBXFrameworksBuildPhase section */
		D2CCDBDF28DC800800DFAE75 /* Frameworks */ = {
			isa = PBXFrameworksBuildPhase;
			buildActionMask = 2147483647;
			files = (
				868069B41257675F60115F60 /* Pods_SwiftText.framework in Frameworks */,
			);
			runOnlyForDeploymentPostprocessing = 0;
		};
		D2CCDBF528DC800B00DFAE75 /* Frameworks */ = {
			isa = PBXFrameworksBuildPhase;
			buildActionMask = 2147483647;
			files = (
				2E2B6B5DACCE974ACFB9799D /* Pods_SwiftTextTests.framework in Frameworks */,
			);
			runOnlyForDeploymentPostprocessing = 0;
		};
		D2CCDBFF28DC800B00DFAE75 /* Frameworks */ = {
			isa = PBXFrameworksBuildPhase;
			buildActionMask = 2147483647;
			files = (
				DDA39F039A8EBBC9D7A6CCD6 /* Pods_SwiftText_SwiftTextUITests.framework in Frameworks */,
			);
			runOnlyForDeploymentPostprocessing = 0;
		};
/* End PBXFrameworksBuildPhase section */

/* Begin PBXGroup section */
		11869B096C77B832D5A833F4 /* Frameworks */ = {
			isa = PBXGroup;
			children = (
				81A0E4C90509075913D289D9 /* Pods_SwiftText.framework */,
				5DA604B7075B16809142DCD8 /* Pods_SwiftText_SwiftTextUITests.framework */,
				3C144F036F23675D4FD9F694 /* Pods_SwiftTextTests.framework */,
			);
			name = Frameworks;
			sourceTree = "<group>";
		};
		D2CCDBD928DC800800DFAE75 = {
			isa = PBXGroup;
			children = (
				D2CCDBE428DC800800DFAE75 /* SwiftText */,
				D2CCDBFB28DC800B00DFAE75 /* SwiftTextTests */,
				D2CCDC0528DC800B00DFAE75 /* SwiftTextUITests */,
				D2CCDBE328DC800800DFAE75 /* Products */,
				E33962C2B31B5AD6420AC95F /* Pods */,
				11869B096C77B832D5A833F4 /* Frameworks */,
			);
			sourceTree = "<group>";
		};
		D2CCDBE328DC800800DFAE75 /* Products */ = {
			isa = PBXGroup;
			children = (
				D2CCDBE228DC800800DFAE75 /* SwiftText.app */,
				D2CCDBF828DC800B00DFAE75 /* SwiftTextTests.xctest */,
				D2CCDC0228DC800B00DFAE75 /* SwiftTextUITests.xctest */,
			);
			name = Products;
			sourceTree = "<group>";
		};
		D2CCDBE428DC800800DFAE75 /* SwiftText */ = {
			isa = PBXGroup;
			children = (
				D2F6076228E2001700F93463 /* GoogleService-Info.plist */,
				D2CCDC1928DC832F00DFAE75 /* Resources */,
				D2CCDC1828DC831800DFAE75 /* ViewModels */,
				D2CCDC1728DC831300DFAE75 /* Models */,
				D2CCDC1628DC830C00DFAE75 /* Views */,
				D2CCDC1528DC82E600DFAE75 /* Controllers */,
				D2CCDBF328DC800B00DFAE75 /* Info.plist */,
			);
			path = SwiftText;
			sourceTree = "<group>";
		};
		D2CCDBFB28DC800B00DFAE75 /* SwiftTextTests */ = {
			isa = PBXGroup;
			children = (
				D2CCDBFC28DC800B00DFAE75 /* SwiftTextTests.swift */,
			);
			path = SwiftTextTests;
			sourceTree = "<group>";
		};
		D2CCDC0528DC800B00DFAE75 /* SwiftTextUITests */ = {
			isa = PBXGroup;
			children = (
				D2CCDC0628DC800B00DFAE75 /* SwiftTextUITests.swift */,
				D2CCDC0828DC800B00DFAE75 /* SwiftTextUITestsLaunchTests.swift */,
			);
			path = SwiftTextUITests;
			sourceTree = "<group>";
		};
		D2CCDC1528DC82E600DFAE75 /* Controllers */ = {
			isa = PBXGroup;
			children = (
				D2CCDC2828DCCC3F00DFAE75 /* ConversationViewController.swift */,
				D2CCDC2A28DCCC4700DFAE75 /* Login */,
				D2CCDC1F28DC86AA00DFAE75 /* PhotoViewerViewController.swift */,
				D2CCDC2128DC86CC00DFAE75 /* VideoPlayerViewController.swift */,
				D2CCDC2328DC873900DFAE75 /* NewConversationViewController.swift */,
				D2CCDC2528DC876500DFAE75 /* ProfileViewController.swift */,
			);
			path = Controllers;
			sourceTree = "<group>";
		};
		D2CCDC1628DC830C00DFAE75 /* Views */ = {
			isa = PBXGroup;
			children = (
				D2CCDC1A28DC83AB00DFAE75 /* Storyboards */,
				D2CCDBEE28DC800B00DFAE75 /* Assets.xcassets */,
			);
			path = Views;
			sourceTree = "<group>";
		};
		D2CCDC1728DC831300DFAE75 /* Models */ = {
			isa = PBXGroup;
			children = (
			);
			path = Models;
			sourceTree = "<group>";
		};
		D2CCDC1828DC831800DFAE75 /* ViewModels */ = {
			isa = PBXGroup;
			children = (
			);
			path = ViewModels;
			sourceTree = "<group>";
		};
		D2CCDC1928DC832F00DFAE75 /* Resources */ = {
			isa = PBXGroup;
			children = (
				D2CCDBE528DC800800DFAE75 /* AppDelegate.swift */,
				D2CCDBE728DC800800DFAE75 /* SceneDelegate.swift */,
				D2D7C40028DF13C900AC81EE /* Extensions.swift */,
				D26534B828E235DC00BE5D07 /* DatabaseManager.swift */,
			);
			path = Resources;
			sourceTree = "<group>";
		};
		D2CCDC1A28DC83AB00DFAE75 /* Storyboards */ = {
			isa = PBXGroup;
			children = (
				D2CCDBEB28DC800800DFAE75 /* Main.storyboard */,
				D2CCDBF028DC800B00DFAE75 /* LaunchScreen.storyboard */,
			);
			path = Storyboards;
			sourceTree = "<group>";
		};
		D2CCDC2A28DCCC4700DFAE75 /* Login */ = {
			isa = PBXGroup;
			children = (
				D2CCDC1B28DC862E00DFAE75 /* LoginViewController.swift */,
				D2CCDC1D28DC867400DFAE75 /* RegisterViewController.swift */,
			);
			path = Login;
			sourceTree = "<group>";
		};
		E33962C2B31B5AD6420AC95F /* Pods */ = {
			isa = PBXGroup;
			children = (
				CCF0B9883595CCBC2409297E /* Pods-SwiftText.debug.xcconfig */,
				425C77E5F7001FB301752FEA /* Pods-SwiftText.release.xcconfig */,
				D8731A7AEB3264194204E5BC /* Pods-SwiftText-SwiftTextUITests.debug.xcconfig */,
				E4CA5488AE1B86C75CFA7C37 /* Pods-SwiftText-SwiftTextUITests.release.xcconfig */,
				07890DC3BE2FEAC9ADF2357B /* Pods-SwiftTextTests.debug.xcconfig */,
				63B320FACDC0136B60D60E3E /* Pods-SwiftTextTests.release.xcconfig */,
			);
			path = Pods;
			sourceTree = "<group>";
		};
/* End PBXGroup section */

/* Begin PBXNativeTarget section */
		D2CCDBE128DC800800DFAE75 /* SwiftText */ = {
			isa = PBXNativeTarget;
			buildConfigurationList = D2CCDC0C28DC800B00DFAE75 /* Build configuration list for PBXNativeTarget "SwiftText" */;
			buildPhases = (
				0EA43638EF0E403F7BAADDEF /* [CP] Check Pods Manifest.lock */,
				D2CCDBDE28DC800800DFAE75 /* Sources */,
				D2CCDBDF28DC800800DFAE75 /* Frameworks */,
				D2CCDBE028DC800800DFAE75 /* Resources */,
				5C0D41F5495086A5B0A92924 /* [CP] Embed Pods Frameworks */,
			);
			buildRules = (
			);
			dependencies = (
			);
			name = SwiftText;
			productName = SwiftText;
			productReference = D2CCDBE228DC800800DFAE75 /* SwiftText.app */;
			productType = "com.apple.product-type.application";
		};
		D2CCDBF728DC800B00DFAE75 /* SwiftTextTests */ = {
			isa = PBXNativeTarget;
			buildConfigurationList = D2CCDC0F28DC800B00DFAE75 /* Build configuration list for PBXNativeTarget "SwiftTextTests" */;
			buildPhases = (
				B399B651C5B3336A9FE562B2 /* [CP] Check Pods Manifest.lock */,
				D2CCDBF428DC800B00DFAE75 /* Sources */,
				D2CCDBF528DC800B00DFAE75 /* Frameworks */,
				D2CCDBF628DC800B00DFAE75 /* Resources */,
			);
			buildRules = (
			);
			dependencies = (
				D2CCDBFA28DC800B00DFAE75 /* PBXTargetDependency */,
			);
			name = SwiftTextTests;
			productName = SwiftTextTests;
			productReference = D2CCDBF828DC800B00DFAE75 /* SwiftTextTests.xctest */;
			productType = "com.apple.product-type.bundle.unit-test";
		};
		D2CCDC0128DC800B00DFAE75 /* SwiftTextUITests */ = {
			isa = PBXNativeTarget;
			buildConfigurationList = D2CCDC1228DC800B00DFAE75 /* Build configuration list for PBXNativeTarget "SwiftTextUITests" */;
			buildPhases = (
				593ADCF3A8CB47F3BB5E7EE2 /* [CP] Check Pods Manifest.lock */,
				D2CCDBFE28DC800B00DFAE75 /* Sources */,
				D2CCDBFF28DC800B00DFAE75 /* Frameworks */,
				D2CCDC0028DC800B00DFAE75 /* Resources */,
				B07D91A11ED5AA9A84826B59 /* [CP] Embed Pods Frameworks */,
			);
			buildRules = (
			);
			dependencies = (
				D2CCDC0428DC800B00DFAE75 /* PBXTargetDependency */,
			);
			name = SwiftTextUITests;
			productName = SwiftTextUITests;
			productReference = D2CCDC0228DC800B00DFAE75 /* SwiftTextUITests.xctest */;
			productType = "com.apple.product-type.bundle.ui-testing";
		};
/* End PBXNativeTarget section */

/* Begin PBXProject section */
		D2CCDBDA28DC800800DFAE75 /* Project object */ = {
			isa = PBXProject;
			attributes = {
				BuildIndependentTargetsInParallel = 1;
				LastSwiftUpdateCheck = 1340;
				LastUpgradeCheck = 1340;
				TargetAttributes = {
					D2CCDBE128DC800800DFAE75 = {
						CreatedOnToolsVersion = 13.4.1;
					};
					D2CCDBF728DC800B00DFAE75 = {
						CreatedOnToolsVersion = 13.4.1;
						TestTargetID = D2CCDBE128DC800800DFAE75;
					};
					D2CCDC0128DC800B00DFAE75 = {
						CreatedOnToolsVersion = 13.4.1;
						TestTargetID = D2CCDBE128DC800800DFAE75;
					};
				};
			};
			buildConfigurationList = D2CCDBDD28DC800800DFAE75 /* Build configuration list for PBXProject "SwiftText" */;
			compatibilityVersion = "Xcode 13.0";
			developmentRegion = en;
			hasScannedForEncodings = 0;
			knownRegions = (
				en,
				Base,
			);
			mainGroup = D2CCDBD928DC800800DFAE75;
			productRefGroup = D2CCDBE328DC800800DFAE75 /* Products */;
			projectDirPath = "";
			projectRoot = "";
			targets = (
				D2CCDBE128DC800800DFAE75 /* SwiftText */,
				D2CCDBF728DC800B00DFAE75 /* SwiftTextTests */,
				D2CCDC0128DC800B00DFAE75 /* SwiftTextUITests */,
			);
		};
/* End PBXProject section */

/* Begin PBXResourcesBuildPhase section */
		D2CCDBE028DC800800DFAE75 /* Resources */ = {
			isa = PBXResourcesBuildPhase;
			buildActionMask = 2147483647;
			files = (
				D2CCDBF228DC800B00DFAE75 /* LaunchScreen.storyboard in Resources */,
				D2F6076328E2001700F93463 /* GoogleService-Info.plist in Resources */,
				D2CCDBEF28DC800B00DFAE75 /* Assets.xcassets in Resources */,
				D2CCDBED28DC800800DFAE75 /* Main.storyboard in Resources */,
			);
			runOnlyForDeploymentPostprocessing = 0;
		};
		D2CCDBF628DC800B00DFAE75 /* Resources */ = {
			isa = PBXResourcesBuildPhase;
			buildActionMask = 2147483647;
			files = (
			);
			runOnlyForDeploymentPostprocessing = 0;
		};
		D2CCDC0028DC800B00DFAE75 /* Resources */ = {
			isa = PBXResourcesBuildPhase;
			buildActionMask = 2147483647;
			files = (
			);
			runOnlyForDeploymentPostprocessing = 0;
		};
/* End PBXResourcesBuildPhase section */

/* Begin PBXShellScriptBuildPhase section */
		0EA43638EF0E403F7BAADDEF /* [CP] Check Pods Manifest.lock */ = {
			isa = PBXShellScriptBuildPhase;
			buildActionMask = 2147483647;
			files = (
			);
			inputFileListPaths = (
			);
			inputPaths = (
				"${PODS_PODFILE_DIR_PATH}/Podfile.lock",
				"${PODS_ROOT}/Manifest.lock",
			);
			name = "[CP] Check Pods Manifest.lock";
			outputFileListPaths = (
			);
			outputPaths = (
				"$(DERIVED_FILE_DIR)/Pods-SwiftText-checkManifestLockResult.txt",
			);
			runOnlyForDeploymentPostprocessing = 0;
			shellPath = /bin/sh;
			shellScript = "diff \"${PODS_PODFILE_DIR_PATH}/Podfile.lock\" \"${PODS_ROOT}/Manifest.lock\" > /dev/null\nif [ $? != 0 ] ; then\n    # print error to STDERR\n    echo \"error: The sandbox is not in sync with the Podfile.lock. Run 'pod install' or update your CocoaPods installation.\" >&2\n    exit 1\nfi\n# This output is used by Xcode 'outputs' to avoid re-running this script phase.\necho \"SUCCESS\" > \"${SCRIPT_OUTPUT_FILE_0}\"\n";
			showEnvVarsInLog = 0;
		};
		593ADCF3A8CB47F3BB5E7EE2 /* [CP] Check Pods Manifest.lock */ = {
			isa = PBXShellScriptBuildPhase;
			buildActionMask = 2147483647;
			files = (
			);
			inputFileListPaths = (
			);
			inputPaths = (
				"${PODS_PODFILE_DIR_PATH}/Podfile.lock",
				"${PODS_ROOT}/Manifest.lock",
			);
			name = "[CP] Check Pods Manifest.lock";
			outputFileListPaths = (
			);
			outputPaths = (
				"$(DERIVED_FILE_DIR)/Pods-SwiftText-SwiftTextUITests-checkManifestLockResult.txt",
			);
			runOnlyForDeploymentPostprocessing = 0;
			shellPath = /bin/sh;
			shellScript = "diff \"${PODS_PODFILE_DIR_PATH}/Podfile.lock\" \"${PODS_ROOT}/Manifest.lock\" > /dev/null\nif [ $? != 0 ] ; then\n    # print error to STDERR\n    echo \"error: The sandbox is not in sync with the Podfile.lock. Run 'pod install' or update your CocoaPods installation.\" >&2\n    exit 1\nfi\n# This output is used by Xcode 'outputs' to avoid re-running this script phase.\necho \"SUCCESS\" > \"${SCRIPT_OUTPUT_FILE_0}\"\n";
			showEnvVarsInLog = 0;
		};
		5C0D41F5495086A5B0A92924 /* [CP] Embed Pods Frameworks */ = {
			isa = PBXShellScriptBuildPhase;
			buildActionMask = 2147483647;
			files = (
			);
			inputFileListPaths = (
				"${PODS_ROOT}/Target Support Files/Pods-SwiftText/Pods-SwiftText-frameworks-${CONFIGURATION}-input-files.xcfilelist",
			);
			name = "[CP] Embed Pods Frameworks";
			outputFileListPaths = (
				"${PODS_ROOT}/Target Support Files/Pods-SwiftText/Pods-SwiftText-frameworks-${CONFIGURATION}-output-files.xcfilelist",
			);
			runOnlyForDeploymentPostprocessing = 0;
			shellPath = /bin/sh;
			shellScript = "\"${PODS_ROOT}/Target Support Files/Pods-SwiftText/Pods-SwiftText-frameworks.sh\"\n";
			showEnvVarsInLog = 0;
		};
		B07D91A11ED5AA9A84826B59 /* [CP] Embed Pods Frameworks */ = {
			isa = PBXShellScriptBuildPhase;
			buildActionMask = 2147483647;
			files = (
			);
			inputFileListPaths = (
				"${PODS_ROOT}/Target Support Files/Pods-SwiftText-SwiftTextUITests/Pods-SwiftText-SwiftTextUITests-frameworks-${CONFIGURATION}-input-files.xcfilelist",
			);
			name = "[CP] Embed Pods Frameworks";
			outputFileListPaths = (
				"${PODS_ROOT}/Target Support Files/Pods-SwiftText-SwiftTextUITests/Pods-SwiftText-SwiftTextUITests-frameworks-${CONFIGURATION}-output-files.xcfilelist",
			);
			runOnlyForDeploymentPostprocessing = 0;
			shellPath = /bin/sh;
			shellScript = "\"${PODS_ROOT}/Target Support Files/Pods-SwiftText-SwiftTextUITests/Pods-SwiftText-SwiftTextUITests-frameworks.sh\"\n";
			showEnvVarsInLog = 0;
		};
		B399B651C5B3336A9FE562B2 /* [CP] Check Pods Manifest.lock */ = {
			isa = PBXShellScriptBuildPhase;
			buildActionMask = 2147483647;
			files = (
			);
			inputFileListPaths = (
			);
			inputPaths = (
				"${PODS_PODFILE_DIR_PATH}/Podfile.lock",
				"${PODS_ROOT}/Manifest.lock",
			);
			name = "[CP] Check Pods Manifest.lock";
			outputFileListPaths = (
			);
			outputPaths = (
				"$(DERIVED_FILE_DIR)/Pods-SwiftTextTests-checkManifestLockResult.txt",
			);
			runOnlyForDeploymentPostprocessing = 0;
			shellPath = /bin/sh;
			shellScript = "diff \"${PODS_PODFILE_DIR_PATH}/Podfile.lock\" \"${PODS_ROOT}/Manifest.lock\" > /dev/null\nif [ $? != 0 ] ; then\n    # print error to STDERR\n    echo \"error: The sandbox is not in sync with the Podfile.lock. Run 'pod install' or update your CocoaPods installation.\" >&2\n    exit 1\nfi\n# This output is used by Xcode 'outputs' to avoid re-running this script phase.\necho \"SUCCESS\" > \"${SCRIPT_OUTPUT_FILE_0}\"\n";
			showEnvVarsInLog = 0;
		};
/* End PBXShellScriptBuildPhase section */

/* Begin PBXSourcesBuildPhase section */
		D2CCDBDE28DC800800DFAE75 /* Sources */ = {
			isa = PBXSourcesBuildPhase;
			buildActionMask = 2147483647;
			files = (
				D2CCDC1C28DC862E00DFAE75 /* LoginViewController.swift in Sources */,
				D26534B928E235DC00BE5D07 /* DatabaseManager.swift in Sources */,
				D2CCDC1E28DC867400DFAE75 /* RegisterViewController.swift in Sources */,
				D2CCDC2928DCCC3F00DFAE75 /* ConversationViewController.swift in Sources */,
				D2CCDC2428DC873900DFAE75 /* NewConversationViewController.swift in Sources */,
				D2CCDC2228DC86CC00DFAE75 /* VideoPlayerViewController.swift in Sources */,
				D2D7C40128DF13C900AC81EE /* Extensions.swift in Sources */,
				D2CCDBE628DC800800DFAE75 /* AppDelegate.swift in Sources */,
				D2CCDC2628DC876500DFAE75 /* ProfileViewController.swift in Sources */,
				D2CCDBE828DC800800DFAE75 /* SceneDelegate.swift in Sources */,
				D2CCDC2028DC86AA00DFAE75 /* PhotoViewerViewController.swift in Sources */,
			);
			runOnlyForDeploymentPostprocessing = 0;
		};
		D2CCDBF428DC800B00DFAE75 /* Sources */ = {
			isa = PBXSourcesBuildPhase;
			buildActionMask = 2147483647;
			files = (
				D2CCDBFD28DC800B00DFAE75 /* SwiftTextTests.swift in Sources */,
			);
			runOnlyForDeploymentPostprocessing = 0;
		};
		D2CCDBFE28DC800B00DFAE75 /* Sources */ = {
			isa = PBXSourcesBuildPhase;
			buildActionMask = 2147483647;
			files = (
				D2CCDC0728DC800B00DFAE75 /* SwiftTextUITests.swift in Sources */,
				D2CCDC0928DC800B00DFAE75 /* SwiftTextUITestsLaunchTests.swift in Sources */,
			);
			runOnlyForDeploymentPostprocessing = 0;
		};
/* End PBXSourcesBuildPhase section */

/* Begin PBXTargetDependency section */
		D2CCDBFA28DC800B00DFAE75 /* PBXTargetDependency */ = {
			isa = PBXTargetDependency;
			target = D2CCDBE128DC800800DFAE75 /* SwiftText */;
			targetProxy = D2CCDBF928DC800B00DFAE75 /* PBXContainerItemProxy */;
		};
		D2CCDC0428DC800B00DFAE75 /* PBXTargetDependency */ = {
			isa = PBXTargetDependency;
			target = D2CCDBE128DC800800DFAE75 /* SwiftText */;
			targetProxy = D2CCDC0328DC800B00DFAE75 /* PBXContainerItemProxy */;
		};
/* End PBXTargetDependency section */

/* Begin PBXVariantGroup section */
		D2CCDBEB28DC800800DFAE75 /* Main.storyboard */ = {
			isa = PBXVariantGroup;
			children = (
				D2CCDBEC28DC800800DFAE75 /* Base */,
			);
			name = Main.storyboard;
			sourceTree = "<group>";
		};
		D2CCDBF028DC800B00DFAE75 /* LaunchScreen.storyboard */ = {
			isa = PBXVariantGroup;
			children = (
				D2CCDBF128DC800B00DFAE75 /* Base */,
			);
			name = LaunchScreen.storyboard;
			sourceTree = "<group>";
		};
/* End PBXVariantGroup section */

/* Begin XCBuildConfiguration section */
		D2CCDC0A28DC800B00DFAE75 /* Debug */ = {
			isa = XCBuildConfiguration;
			buildSettings = {
				ALWAYS_SEARCH_USER_PATHS = NO;
				CLANG_ANALYZER_NONNULL = YES;
				CLANG_ANALYZER_NUMBER_OBJECT_CONVERSION = YES_AGGRESSIVE;
				CLANG_CXX_LANGUAGE_STANDARD = "gnu++17";
				CLANG_ENABLE_MODULES = YES;
				CLANG_ENABLE_OBJC_ARC = YES;
				CLANG_ENABLE_OBJC_WEAK = YES;
				CLANG_WARN_BLOCK_CAPTURE_AUTORELEASING = YES;
				CLANG_WARN_BOOL_CONVERSION = YES;
				CLANG_WARN_COMMA = YES;
				CLANG_WARN_CONSTANT_CONVERSION = YES;
				CLANG_WARN_DEPRECATED_OBJC_IMPLEMENTATIONS = YES;
				CLANG_WARN_DIRECT_OBJC_ISA_USAGE = YES_ERROR;
				CLANG_WARN_DOCUMENTATION_COMMENTS = YES;
				CLANG_WARN_EMPTY_BODY = YES;
				CLANG_WARN_ENUM_CONVERSION = YES;
				CLANG_WARN_INFINITE_RECURSION = YES;
				CLANG_WARN_INT_CONVERSION = YES;
				CLANG_WARN_NON_LITERAL_NULL_CONVERSION = YES;
				CLANG_WARN_OBJC_IMPLICIT_RETAIN_SELF = YES;
				CLANG_WARN_OBJC_LITERAL_CONVERSION = YES;
				CLANG_WARN_OBJC_ROOT_CLASS = YES_ERROR;
				CLANG_WARN_QUOTED_INCLUDE_IN_FRAMEWORK_HEADER = YES;
				CLANG_WARN_RANGE_LOOP_ANALYSIS = YES;
				CLANG_WARN_STRICT_PROTOTYPES = YES;
				CLANG_WARN_SUSPICIOUS_MOVE = YES;
				CLANG_WARN_UNGUARDED_AVAILABILITY = YES_AGGRESSIVE;
				CLANG_WARN_UNREACHABLE_CODE = YES;
				CLANG_WARN__DUPLICATE_METHOD_MATCH = YES;
				COPY_PHASE_STRIP = NO;
				DEBUG_INFORMATION_FORMAT = dwarf;
				ENABLE_STRICT_OBJC_MSGSEND = YES;
				ENABLE_TESTABILITY = YES;
				GCC_C_LANGUAGE_STANDARD = gnu11;
				GCC_DYNAMIC_NO_PIC = NO;
				GCC_NO_COMMON_BLOCKS = YES;
				GCC_OPTIMIZATION_LEVEL = 0;
				GCC_PREPROCESSOR_DEFINITIONS = (
					"DEBUG=1",
					"$(inherited)",
				);
				GCC_WARN_64_TO_32_BIT_CONVERSION = YES;
				GCC_WARN_ABOUT_RETURN_TYPE = YES_ERROR;
				GCC_WARN_UNDECLARED_SELECTOR = YES;
				GCC_WARN_UNINITIALIZED_AUTOS = YES_AGGRESSIVE;
				GCC_WARN_UNUSED_FUNCTION = YES;
				GCC_WARN_UNUSED_VARIABLE = YES;
				IPHONEOS_DEPLOYMENT_TARGET = 15.5;
				MTL_ENABLE_DEBUG_INFO = INCLUDE_SOURCE;
				MTL_FAST_MATH = YES;
				ONLY_ACTIVE_ARCH = YES;
				SDKROOT = iphoneos;
				SWIFT_ACTIVE_COMPILATION_CONDITIONS = DEBUG;
				SWIFT_OPTIMIZATION_LEVEL = "-Onone";
			};
			name = Debug;
		};
		D2CCDC0B28DC800B00DFAE75 /* Release */ = {
			isa = XCBuildConfiguration;
			buildSettings = {
				ALWAYS_SEARCH_USER_PATHS = NO;
				CLANG_ANALYZER_NONNULL = YES;
				CLANG_ANALYZER_NUMBER_OBJECT_CONVERSION = YES_AGGRESSIVE;
				CLANG_CXX_LANGUAGE_STANDARD = "gnu++17";
				CLANG_ENABLE_MODULES = YES;
				CLANG_ENABLE_OBJC_ARC = YES;
				CLANG_ENABLE_OBJC_WEAK = YES;
				CLANG_WARN_BLOCK_CAPTURE_AUTORELEASING = YES;
				CLANG_WARN_BOOL_CONVERSION = YES;
				CLANG_WARN_COMMA = YES;
				CLANG_WARN_CONSTANT_CONVERSION = YES;
				CLANG_WARN_DEPRECATED_OBJC_IMPLEMENTATIONS = YES;
				CLANG_WARN_DIRECT_OBJC_ISA_USAGE = YES_ERROR;
				CLANG_WARN_DOCUMENTATION_COMMENTS = YES;
				CLANG_WARN_EMPTY_BODY = YES;
				CLANG_WARN_ENUM_CONVERSION = YES;
				CLANG_WARN_INFINITE_RECURSION = YES;
				CLANG_WARN_INT_CONVERSION = YES;
				CLANG_WARN_NON_LITERAL_NULL_CONVERSION = YES;
				CLANG_WARN_OBJC_IMPLICIT_RETAIN_SELF = YES;
				CLANG_WARN_OBJC_LITERAL_CONVERSION = YES;
				CLANG_WARN_OBJC_ROOT_CLASS = YES_ERROR;
				CLANG_WARN_QUOTED_INCLUDE_IN_FRAMEWORK_HEADER = YES;
				CLANG_WARN_RANGE_LOOP_ANALYSIS = YES;
				CLANG_WARN_STRICT_PROTOTYPES = YES;
				CLANG_WARN_SUSPICIOUS_MOVE = YES;
				CLANG_WARN_UNGUARDED_AVAILABILITY = YES_AGGRESSIVE;
				CLANG_WARN_UNREACHABLE_CODE = YES;
				CLANG_WARN__DUPLICATE_METHOD_MATCH = YES;
				COPY_PHASE_STRIP = NO;
				DEBUG_INFORMATION_FORMAT = "dwarf-with-dsym";
				ENABLE_NS_ASSERTIONS = NO;
				ENABLE_STRICT_OBJC_MSGSEND = YES;
				GCC_C_LANGUAGE_STANDARD = gnu11;
				GCC_NO_COMMON_BLOCKS = YES;
				GCC_WARN_64_TO_32_BIT_CONVERSION = YES;
				GCC_WARN_ABOUT_RETURN_TYPE = YES_ERROR;
				GCC_WARN_UNDECLARED_SELECTOR = YES;
				GCC_WARN_UNINITIALIZED_AUTOS = YES_AGGRESSIVE;
				GCC_WARN_UNUSED_FUNCTION = YES;
				GCC_WARN_UNUSED_VARIABLE = YES;
				IPHONEOS_DEPLOYMENT_TARGET = 15.5;
				MTL_ENABLE_DEBUG_INFO = NO;
				MTL_FAST_MATH = YES;
				SDKROOT = iphoneos;
				SWIFT_COMPILATION_MODE = wholemodule;
				SWIFT_OPTIMIZATION_LEVEL = "-O";
				VALIDATE_PRODUCT = YES;
			};
			name = Release;
		};
		D2CCDC0D28DC800B00DFAE75 /* Debug */ = {
			isa = XCBuildConfiguration;
			baseConfigurationReference = CCF0B9883595CCBC2409297E /* Pods-SwiftText.debug.xcconfig */;
			buildSettings = {
				ASSETCATALOG_COMPILER_APPICON_NAME = AppIcon;
				ASSETCATALOG_COMPILER_GLOBAL_ACCENT_COLOR_NAME = AccentColor;
				CODE_SIGN_STYLE = Automatic;
				CURRENT_PROJECT_VERSION = 1;
				DEVELOPMENT_TEAM = 5USR7AWZA9;
				GENERATE_INFOPLIST_FILE = YES;
				INFOPLIST_FILE = SwiftText/Info.plist;
				INFOPLIST_KEY_UIApplicationSupportsIndirectInputEvents = YES;
				INFOPLIST_KEY_UILaunchStoryboardName = LaunchScreen;
				INFOPLIST_KEY_UIMainStoryboardFile = Main;
				INFOPLIST_KEY_UISupportedInterfaceOrientations = UIInterfaceOrientationPortrait;
				INFOPLIST_KEY_UISupportedInterfaceOrientations_iPad = "UIInterfaceOrientationPortrait UIInterfaceOrientationPortraitUpsideDown UIInterfaceOrientationLandscapeLeft UIInterfaceOrientationLandscapeRight";
				INFOPLIST_KEY_UISupportedInterfaceOrientations_iPhone = "UIInterfaceOrientationPortrait UIInterfaceOrientationLandscapeLeft UIInterfaceOrientationLandscapeRight";
				IPHONEOS_DEPLOYMENT_TARGET = 15.5;
				LD_RUNPATH_SEARCH_PATHS = (
					"$(inherited)",
					"@executable_path/Frameworks",
				);
				MARKETING_VERSION = 1.0;
				PRODUCT_BUNDLE_IDENTIFIER = com.example.SwiftText;
				PRODUCT_NAME = "$(TARGET_NAME)";
				SWIFT_EMIT_LOC_STRINGS = YES;
				SWIFT_VERSION = 5.0;
				TARGETED_DEVICE_FAMILY = "1,2";
			};
			name = Debug;
		};
		D2CCDC0E28DC800B00DFAE75 /* Release */ = {
			isa = XCBuildConfiguration;
			baseConfigurationReference = 425C77E5F7001FB301752FEA /* Pods-SwiftText.release.xcconfig */;
			buildSettings = {
				ASSETCATALOG_COMPILER_APPICON_NAME = AppIcon;
				ASSETCATALOG_COMPILER_GLOBAL_ACCENT_COLOR_NAME = AccentColor;
				CODE_SIGN_STYLE = Automatic;
				CURRENT_PROJECT_VERSION = 1;
				DEVELOPMENT_TEAM = 5USR7AWZA9;
				GENERATE_INFOPLIST_FILE = YES;
				INFOPLIST_FILE = SwiftText/Info.plist;
				INFOPLIST_KEY_UIApplicationSupportsIndirectInputEvents = YES;
				INFOPLIST_KEY_UILaunchStoryboardName = LaunchScreen;
				INFOPLIST_KEY_UIMainStoryboardFile = Main;
				INFOPLIST_KEY_UISupportedInterfaceOrientations = UIInterfaceOrientationPortrait;
				INFOPLIST_KEY_UISupportedInterfaceOrientations_iPad = "UIInterfaceOrientationPortrait UIInterfaceOrientationPortraitUpsideDown UIInterfaceOrientationLandscapeLeft UIInterfaceOrientationLandscapeRight";
				INFOPLIST_KEY_UISupportedInterfaceOrientations_iPhone = "UIInterfaceOrientationPortrait UIInterfaceOrientationLandscapeLeft UIInterfaceOrientationLandscapeRight";
				IPHONEOS_DEPLOYMENT_TARGET = 15.5;
				LD_RUNPATH_SEARCH_PATHS = (
					"$(inherited)",
					"@executable_path/Frameworks",
				);
				MARKETING_VERSION = 1.0;
				PRODUCT_BUNDLE_IDENTIFIER = com.example.SwiftText;
				PRODUCT_NAME = "$(TARGET_NAME)";
				SWIFT_EMIT_LOC_STRINGS = YES;
				SWIFT_VERSION = 5.0;
				TARGETED_DEVICE_FAMILY = "1,2";
			};
			name = Release;
		};
		D2CCDC1028DC800B00DFAE75 /* Debug */ = {
			isa = XCBuildConfiguration;
			baseConfigurationReference = 07890DC3BE2FEAC9ADF2357B /* Pods-SwiftTextTests.debug.xcconfig */;
			buildSettings = {
				ALWAYS_EMBED_SWIFT_STANDARD_LIBRARIES = YES;
				BUNDLE_LOADER = "$(TEST_HOST)";
				CODE_SIGN_STYLE = Automatic;
				CURRENT_PROJECT_VERSION = 1;
				DEVELOPMENT_TEAM = 5USR7AWZA9;
				GENERATE_INFOPLIST_FILE = YES;
				IPHONEOS_DEPLOYMENT_TARGET = 15.5;
				MARKETING_VERSION = 1.0;
				PRODUCT_BUNDLE_IDENTIFIER = com.example.SwiftTextTests;
				PRODUCT_NAME = "$(TARGET_NAME)";
				SWIFT_EMIT_LOC_STRINGS = NO;
				SWIFT_VERSION = 5.0;
				TARGETED_DEVICE_FAMILY = "1,2";
				TEST_HOST = "$(BUILT_PRODUCTS_DIR)/SwiftText.app/SwiftText";
			};
			name = Debug;
		};
		D2CCDC1128DC800B00DFAE75 /* Release */ = {
			isa = XCBuildConfiguration;
			baseConfigurationReference = 63B320FACDC0136B60D60E3E /* Pods-SwiftTextTests.release.xcconfig */;
			buildSettings = {
				ALWAYS_EMBED_SWIFT_STANDARD_LIBRARIES = YES;
				BUNDLE_LOADER = "$(TEST_HOST)";
				CODE_SIGN_STYLE = Automatic;
				CURRENT_PROJECT_VERSION = 1;
				DEVELOPMENT_TEAM = 5USR7AWZA9;
				GENERATE_INFOPLIST_FILE = YES;
				IPHONEOS_DEPLOYMENT_TARGET = 15.5;
				MARKETING_VERSION = 1.0;
				PRODUCT_BUNDLE_IDENTIFIER = com.example.SwiftTextTests;
				PRODUCT_NAME = "$(TARGET_NAME)";
				SWIFT_EMIT_LOC_STRINGS = NO;
				SWIFT_VERSION = 5.0;
				TARGETED_DEVICE_FAMILY = "1,2";
				TEST_HOST = "$(BUILT_PRODUCTS_DIR)/SwiftText.app/SwiftText";
			};
			name = Release;
		};
		D2CCDC1328DC800B00DFAE75 /* Debug */ = {
			isa = XCBuildConfiguration;
			baseConfigurationReference = D8731A7AEB3264194204E5BC /* Pods-SwiftText-SwiftTextUITests.debug.xcconfig */;
			buildSettings = {
				ALWAYS_EMBED_SWIFT_STANDARD_LIBRARIES = YES;
				CODE_SIGN_STYLE = Automatic;
				CURRENT_PROJECT_VERSION = 1;
				DEVELOPMENT_TEAM = 5USR7AWZA9;
				GENERATE_INFOPLIST_FILE = YES;
				MARKETING_VERSION = 1.0;
				PRODUCT_BUNDLE_IDENTIFIER = com.example.SwiftTextUITests;
				PRODUCT_NAME = "$(TARGET_NAME)";
				SWIFT_EMIT_LOC_STRINGS = NO;
				SWIFT_VERSION = 5.0;
				TARGETED_DEVICE_FAMILY = "1,2";
				TEST_TARGET_NAME = SwiftText;
			};
			name = Debug;
		};
		D2CCDC1428DC800B00DFAE75 /* Release */ = {
			isa = XCBuildConfiguration;
			baseConfigurationReference = E4CA5488AE1B86C75CFA7C37 /* Pods-SwiftText-SwiftTextUITests.release.xcconfig */;
			buildSettings = {
				ALWAYS_EMBED_SWIFT_STANDARD_LIBRARIES = YES;
				CODE_SIGN_STYLE = Automatic;
				CURRENT_PROJECT_VERSION = 1;
				DEVELOPMENT_TEAM = 5USR7AWZA9;
				GENERATE_INFOPLIST_FILE = YES;
				MARKETING_VERSION = 1.0;
				PRODUCT_BUNDLE_IDENTIFIER = com.example.SwiftTextUITests;
				PRODUCT_NAME = "$(TARGET_NAME)";
				SWIFT_EMIT_LOC_STRINGS = NO;
				SWIFT_VERSION = 5.0;
				TARGETED_DEVICE_FAMILY = "1,2";
				TEST_TARGET_NAME = SwiftText;
			};
			name = Release;
		};
/* End XCBuildConfiguration section */

/* Begin XCConfigurationList section */
		D2CCDBDD28DC800800DFAE75 /* Build configuration list for PBXProject "SwiftText" */ = {
			isa = XCConfigurationList;
			buildConfigurations = (
				D2CCDC0A28DC800B00DFAE75 /* Debug */,
				D2CCDC0B28DC800B00DFAE75 /* Release */,
			);
			defaultConfigurationIsVisible = 0;
			defaultConfigurationName = Release;
		};
		D2CCDC0C28DC800B00DFAE75 /* Build configuration list for PBXNativeTarget "SwiftText" */ = {
			isa = XCConfigurationList;
			buildConfigurations = (
				D2CCDC0D28DC800B00DFAE75 /* Debug */,
				D2CCDC0E28DC800B00DFAE75 /* Release */,
			);
			defaultConfigurationIsVisible = 0;
			defaultConfigurationName = Release;
		};
		D2CCDC0F28DC800B00DFAE75 /* Build configuration list for PBXNativeTarget "SwiftTextTests" */ = {
			isa = XCConfigurationList;
			buildConfigurations = (
				D2CCDC1028DC800B00DFAE75 /* Debug */,
				D2CCDC1128DC800B00DFAE75 /* Release */,
			);
			defaultConfigurationIsVisible = 0;
			defaultConfigurationName = Release;
		};
		D2CCDC1228DC800B00DFAE75 /* Build configuration list for PBXNativeTarget "SwiftTextUITests" */ = {
			isa = XCConfigurationList;
			buildConfigurations = (
				D2CCDC1328DC800B00DFAE75 /* Debug */,
				D2CCDC1428DC800B00DFAE75 /* Release */,
			);
			defaultConfigurationIsVisible = 0;
			defaultConfigurationName = Release;
		};
/* End XCConfigurationList section */
	};
	rootObject = D2CCDBDA28DC800800DFAE75 /* Project object */;
}
